
Microsoft Visual Studio Solution File, Format Version 12.00
# Visual Studio 15
VisualStudioVersion = 15.0.28010.2041
MinimumVisualStudioVersion = 10.0.40219.1
Project("{FAE04EC0-301F-11D3-BF4B-00C04F79EFBC}") = "ZombieVSDinosaurs", "ZombieVSDinosaurs\ZombieVSDinosaurs.csproj", "{82E004BA-6B6B-4E21-A92F-E462CD40CDE4}"
EndProject
Global
	GlobalSection(SolutionConfigurationPlatforms) = preSolution
		Debug|Any CPU = Debug|Any CPU
		Release|Any CPU = Release|Any CPU
	EndGlobalSection
	GlobalSection(ProjectConfigurationPlatforms) = postSolution
		{82E004BA-6B6B-4E21-A92F-E462CD40CDE4}.Debug|Any CPU.ActiveCfg = Debug|Any CPU
		{82E004BA-6B6B-4E21-A92F-E462CD40CDE4}.Debug|Any CPU.Build.0 = Debug|Any CPU
		{82E004BA-6B6B-4E21-A92F-E462CD40CDE4}.Release|Any CPU.ActiveCfg = Release|Any CPU
		{82E004BA-6B6B-4E21-A92F-E462CD40CDE4}.Release|Any CPU.Build.0 = Release|Any CPU
	EndGlobalSection
	GlobalSection(SolutionProperties) = preSolution
		HideSolutionNode = FALSE
	EndGlobalSection
	GlobalSection(ExtensibilityGlobals) = postSolution
		SolutionGuid = {BEFE2DD3-7346-4DEE-80EF-F26C38FF241A}
	EndGlobalSection
EndGlobal
